
Microsoft Visual Studio Solution File, Format Version 12.00
# Visual Studio Version 16
VisualStudioVersion = 16.0.29215.179
MinimumVisualStudioVersion = 15.0.26124.0
Project("{2150E333-8FDC-42A3-9474-1A3956D46DE8}") = "Domain", "Domain", "{165A0579-8B51-4B77-9F6B-0158BC1B6EB4}"
EndProject
Project("{9A19103F-16F7-4668-BE54-9A1E7A4F7556}") = "MicroRabbit.Domain.Core", "Domain\MicroRabbit.Domain.Core\MicroRabbit.Domain.Core.csproj", "{56A8BB20-B874-44E1-A864-51B65F2DEB7C}"
EndProject
Project("{2150E333-8FDC-42A3-9474-1A3956D46DE8}") = "Infra.Bus", "Infra.Bus", "{B1AD9566-CF89-46C1-8B05-17B05220ED91}"
EndProject
Project("{9A19103F-16F7-4668-BE54-9A1E7A4F7556}") = "MicroRabbit.Infra.Bus", "Infra.Bus\MicroRabbit.Infra.Bus\MicroRabbit.Infra.Bus.csproj", "{B00FE1A7-1F72-46A8-BAD4-052A465EF587}"
EndProject
Project("{2150E333-8FDC-42A3-9474-1A3956D46DE8}") = "Intra.IoC", "Intra.IoC", "{65B4DBAF-D14A-45FD-AD0F-186A72AFA9FA}"
EndProject
Project("{9A19103F-16F7-4668-BE54-9A1E7A4F7556}") = "MicroRabbit.Infra.IoC", "Intra.IoC\MicroRabbit.Infra.IoC\MicroRabbit.Infra.IoC.csproj", "{52B2A9B5-3076-460E-92FE-15E38A4D1A13}"
EndProject
Project("{2150E333-8FDC-42A3-9474-1A3956D46DE8}") = "MicroServices", "MicroServices", "{9FDBC6A8-78FF-4C1B-80E5-61D3B61C6C83}"
EndProject
Project("{2150E333-8FDC-42A3-9474-1A3956D46DE8}") = "Banking", "Banking", "{B0DB6E1D-0C75-40F3-B146-A8B6F7AD11D1}"
EndProject
Project("{2150E333-8FDC-42A3-9474-1A3956D46DE8}") = "Api", "Api", "{2B8285EE-F188-44B8-A5CB-8E223C50CD29}"
EndProject
Project("{2150E333-8FDC-42A3-9474-1A3956D46DE8}") = "Application", "Application", "{678C0654-4281-4977-BFE4-9F9D5D5FDF4A}"
EndProject
Project("{2150E333-8FDC-42A3-9474-1A3956D46DE8}") = "Data", "Data", "{0930387A-EA9C-42B3-9570-56C4D645205A}"
EndProject
Project("{2150E333-8FDC-42A3-9474-1A3956D46DE8}") = "Domain", "Domain", "{5A573183-430D-45D4-856E-1249C2FA1B2A}"
EndProject
Project("{9A19103F-16F7-4668-BE54-9A1E7A4F7556}") = "MicroRabbit.Banking.Api", "MicroServices\Banking\Api\MicroRabbit.Banking.Api\MicroRabbit.Banking.Api.csproj", "{3F00D91E-27A2-4FD0-927B-9FE4F0888037}"
EndProject
Project("{9A19103F-16F7-4668-BE54-9A1E7A4F7556}") = "MicroRabbit.Banking.Application", "MicroServices\Banking\Application\MicroRabbit.Banking.Application\MicroRabbit.Banking.Application.csproj", "{A1B14E65-15E7-4DBD-BE5F-60C6B008E298}"
EndProject
Project("{9A19103F-16F7-4668-BE54-9A1E7A4F7556}") = "MicroRabbit.Banking.Data", "MicroServices\Banking\Data\MicroRabbit.Banking.Data\MicroRabbit.Banking.Data.csproj", "{7F4F1F7B-407F-45CF-92D3-083EB28946C2}"
EndProject
Project("{9A19103F-16F7-4668-BE54-9A1E7A4F7556}") = "MicroRabbit.Banking.Domain", "MicroServices\Banking\Domain\MicroRabbit.Banking.Domain\MicroRabbit.Banking.Domain.csproj", "{D65F8C42-1AB0-40E9-99FE-D4AC3E69A940}"
EndProject
Global
	GlobalSection(SolutionConfigurationPlatforms) = preSolution
		Debug|Any CPU = Debug|Any CPU
		Debug|x64 = Debug|x64
		Debug|x86 = Debug|x86
		Release|Any CPU = Release|Any CPU
		Release|x64 = Release|x64
		Release|x86 = Release|x86
	EndGlobalSection
	GlobalSection(ProjectConfigurationPlatforms) = postSolution
		{56A8BB20-B874-44E1-A864-51B65F2DEB7C}.Debug|Any CPU.ActiveCfg = Debug|Any CPU
		{56A8BB20-B874-44E1-A864-51B65F2DEB7C}.Debug|Any CPU.Build.0 = Debug|Any CPU
		{56A8BB20-B874-44E1-A864-51B65F2DEB7C}.Debug|x64.ActiveCfg = Debug|Any CPU
		{56A8BB20-B874-44E1-A864-51B65F2DEB7C}.Debug|x64.Build.0 = Debug|Any CPU
		{56A8BB20-B874-44E1-A864-51B65F2DEB7C}.Debug|x86.ActiveCfg = Debug|Any CPU
		{56A8BB20-B874-44E1-A864-51B65F2DEB7C}.Debug|x86.Build.0 = Debug|Any CPU
		{56A8BB20-B874-44E1-A864-51B65F2DEB7C}.Release|Any CPU.ActiveCfg = Release|Any CPU
		{56A8BB20-B874-44E1-A864-51B65F2DEB7C}.Release|Any CPU.Build.0 = Release|Any CPU
		{56A8BB20-B874-44E1-A864-51B65F2DEB7C}.Release|x64.ActiveCfg = Release|Any CPU
		{56A8BB20-B874-44E1-A864-51B65F2DEB7C}.Release|x64.Build.0 = Release|Any CPU
		{56A8BB20-B874-44E1-A864-51B65F2DEB7C}.Release|x86.ActiveCfg = Release|Any CPU
		{56A8BB20-B874-44E1-A864-51B65F2DEB7C}.Release|x86.Build.0 = Release|Any CPU
		{B00FE1A7-1F72-46A8-BAD4-052A465EF587}.Debug|Any CPU.ActiveCfg = Debug|Any CPU
		{B00FE1A7-1F72-46A8-BAD4-052A465EF587}.Debug|Any CPU.Build.0 = Debug|Any CPU
		{B00FE1A7-1F72-46A8-BAD4-052A465EF587}.Debug|x64.ActiveCfg = Debug|Any CPU
		{B00FE1A7-1F72-46A8-BAD4-052A465EF587}.Debug|x64.Build.0 = Debug|Any CPU
		{B00FE1A7-1F72-46A8-BAD4-052A465EF587}.Debug|x86.ActiveCfg = Debug|Any CPU
		{B00FE1A7-1F72-46A8-BAD4-052A465EF587}.Debug|x86.Build.0 = Debug|Any CPU
		{B00FE1A7-1F72-46A8-BAD4-052A465EF587}.Release|Any CPU.ActiveCfg = Release|Any CPU
		{B00FE1A7-1F72-46A8-BAD4-052A465EF587}.Release|Any CPU.Build.0 = Release|Any CPU
		{B00FE1A7-1F72-46A8-BAD4-052A465EF587}.Release|x64.ActiveCfg = Release|Any CPU
		{B00FE1A7-1F72-46A8-BAD4-052A465EF587}.Release|x64.Build.0 = Release|Any CPU
		{B00FE1A7-1F72-46A8-BAD4-052A465EF587}.Release|x86.ActiveCfg = Release|Any CPU
		{B00FE1A7-1F72-46A8-BAD4-052A465EF587}.Release|x86.Build.0 = Release|Any CPU
		{52B2A9B5-3076-460E-92FE-15E38A4D1A13}.Debug|Any CPU.ActiveCfg = Debug|Any CPU
		{52B2A9B5-3076-460E-92FE-15E38A4D1A13}.Debug|Any CPU.Build.0 = Debug|Any CPU
		{52B2A9B5-3076-460E-92FE-15E38A4D1A13}.Debug|x64.ActiveCfg = Debug|Any CPU
		{52B2A9B5-3076-460E-92FE-15E38A4D1A13}.Debug|x64.Build.0 = Debug|Any CPU
		{52B2A9B5-3076-460E-92FE-15E38A4D1A13}.Debug|x86.ActiveCfg = Debug|Any CPU
		{52B2A9B5-3076-460E-92FE-15E38A4D1A13}.Debug|x86.Build.0 = Debug|Any CPU
		{52B2A9B5-3076-460E-92FE-15E38A4D1A13}.Release|Any CPU.ActiveCfg = Release|Any CPU
		{52B2A9B5-3076-460E-92FE-15E38A4D1A13}.Release|Any CPU.Build.0 = Release|Any CPU
		{52B2A9B5-3076-460E-92FE-15E38A4D1A13}.Release|x64.ActiveCfg = Release|Any CPU
		{52B2A9B5-3076-460E-92FE-15E38A4D1A13}.Release|x64.Build.0 = Release|Any CPU
		{52B2A9B5-3076-460E-92FE-15E38A4D1A13}.Release|x86.ActiveCfg = Release|Any CPU
		{52B2A9B5-3076-460E-92FE-15E38A4D1A13}.Release|x86.Build.0 = Release|Any CPU
		{3F00D91E-27A2-4FD0-927B-9FE4F0888037}.Debug|Any CPU.ActiveCfg = Debug|Any CPU
		{3F00D91E-27A2-4FD0-927B-9FE4F0888037}.Debug|Any CPU.Build.0 = Debug|Any CPU
		{3F00D91E-27A2-4FD0-927B-9FE4F0888037}.Debug|x64.ActiveCfg = Debug|Any CPU
		{3F00D91E-27A2-4FD0-927B-9FE4F0888037}.Debug|x64.Build.0 = Debug|Any CPU
		{3F00D91E-27A2-4FD0-927B-9FE4F0888037}.Debug|x86.ActiveCfg = Debug|Any CPU
		{3F00D91E-27A2-4FD0-927B-9FE4F0888037}.Debug|x86.Build.0 = Debug|Any CPU
		{3F00D91E-27A2-4FD0-927B-9FE4F0888037}.Release|Any CPU.ActiveCfg = Release|Any CPU
		{3F00D91E-27A2-4FD0-927B-9FE4F0888037}.Release|Any CPU.Build.0 = Release|Any CPU
		{3F00D91E-27A2-4FD0-927B-9FE4F0888037}.Release|x64.ActiveCfg = Release|Any CPU
		{3F00D91E-27A2-4FD0-927B-9FE4F0888037}.Release|x64.Build.0 = Release|Any CPU
		{3F00D91E-27A2-4FD0-927B-9FE4F0888037}.Release|x86.ActiveCfg = Release|Any CPU
		{3F00D91E-27A2-4FD0-927B-9FE4F0888037}.Release|x86.Build.0 = Release|Any CPU
		{A1B14E65-15E7-4DBD-BE5F-60C6B008E298}.Debug|Any CPU.ActiveCfg = Debug|Any CPU
		{A1B14E65-15E7-4DBD-BE5F-60C6B008E298}.Debug|Any CPU.Build.0 = Debug|Any CPU
		{A1B14E65-15E7-4DBD-BE5F-60C6B008E298}.Debug|x64.ActiveCfg = Debug|Any CPU
		{A1B14E65-15E7-4DBD-BE5F-60C6B008E298}.Debug|x64.Build.0 = Debug|Any CPU
		{A1B14E65-15E7-4DBD-BE5F-60C6B008E298}.Debug|x86.ActiveCfg = Debug|Any CPU
		{A1B14E65-15E7-4DBD-BE5F-60C6B008E298}.Debug|x86.Build.0 = Debug|Any CPU
		{A1B14E65-15E7-4DBD-BE5F-60C6B008E298}.Release|Any CPU.ActiveCfg = Release|Any CPU
		{A1B14E65-15E7-4DBD-BE5F-60C6B008E298}.Release|Any CPU.Build.0 = Release|Any CPU
		{A1B14E65-15E7-4DBD-BE5F-60C6B008E298}.Release|x64.ActiveCfg = Release|Any CPU
		{A1B14E65-15E7-4DBD-BE5F-60C6B008E298}.Release|x64.Build.0 = Release|Any CPU
		{A1B14E65-15E7-4DBD-BE5F-60C6B008E298}.Release|x86.ActiveCfg = Release|Any CPU
		{A1B14E65-15E7-4DBD-BE5F-60C6B008E298}.Release|x86.Build.0 = Release|Any CPU
		{7F4F1F7B-407F-45CF-92D3-083EB28946C2}.Debug|Any CPU.ActiveCfg = Debug|Any CPU
		{7F4F1F7B-407F-45CF-92D3-083EB28946C2}.Debug|Any CPU.Build.0 = Debug|Any CPU
		{7F4F1F7B-407F-45CF-92D3-083EB28946C2}.Debug|x64.ActiveCfg = Debug|Any CPU
		{7F4F1F7B-407F-45CF-92D3-083EB28946C2}.Debug|x64.Build.0 = Debug|Any CPU
		{7F4F1F7B-407F-45CF-92D3-083EB28946C2}.Debug|x86.ActiveCfg = Debug|Any CPU
		{7F4F1F7B-407F-45CF-92D3-083EB28946C2}.Debug|x86.Build.0 = Debug|Any CPU
		{7F4F1F7B-407F-45CF-92D3-083EB28946C2}.Release|Any CPU.ActiveCfg = Release|Any CPU
		{7F4F1F7B-407F-45CF-92D3-083EB28946C2}.Release|Any CPU.Build.0 = Release|Any CPU
		{7F4F1F7B-407F-45CF-92D3-083EB28946C2}.Release|x64.ActiveCfg = Release|Any CPU
		{7F4F1F7B-407F-45CF-92D3-083EB28946C2}.Release|x64.Build.0 = Release|Any CPU
		{7F4F1F7B-407F-45CF-92D3-083EB28946C2}.Release|x86.ActiveCfg = Release|Any CPU
		{7F4F1F7B-407F-45CF-92D3-083EB28946C2}.Release|x86.Build.0 = Release|Any CPU
		{D65F8C42-1AB0-40E9-99FE-D4AC3E69A940}.Debug|Any CPU.ActiveCfg = Debug|Any CPU
		{D65F8C42-1AB0-40E9-99FE-D4AC3E69A940}.Debug|Any CPU.Build.0 = Debug|Any CPU
		{D65F8C42-1AB0-40E9-99FE-D4AC3E69A940}.Debug|x64.ActiveCfg = Debug|Any CPU
		{D65F8C42-1AB0-40E9-99FE-D4AC3E69A940}.Debug|x64.Build.0 = Debug|Any CPU
		{D65F8C42-1AB0-40E9-99FE-D4AC3E69A940}.Debug|x86.ActiveCfg = Debug|Any CPU
		{D65F8C42-1AB0-40E9-99FE-D4AC3E69A940}.Debug|x86.Build.0 = Debug|Any CPU
		{D65F8C42-1AB0-40E9-99FE-D4AC3E69A940}.Release|Any CPU.ActiveCfg = Release|Any CPU
		{D65F8C42-1AB0-40E9-99FE-D4AC3E69A940}.Release|Any CPU.Build.0 = Release|Any CPU
		{D65F8C42-1AB0-40E9-99FE-D4AC3E69A940}.Release|x64.ActiveCfg = Release|Any CPU
		{D65F8C42-1AB0-40E9-99FE-D4AC3E69A940}.Release|x64.Build.0 = Release|Any CPU
		{D65F8C42-1AB0-40E9-99FE-D4AC3E69A940}.Release|x86.ActiveCfg = Release|Any CPU
		{D65F8C42-1AB0-40E9-99FE-D4AC3E69A940}.Release|x86.Build.0 = Release|Any CPU
	EndGlobalSection
	GlobalSection(SolutionProperties) = preSolution
		HideSolutionNode = FALSE
	EndGlobalSection
	GlobalSection(NestedProjects) = preSolution
		{56A8BB20-B874-44E1-A864-51B65F2DEB7C} = {165A0579-8B51-4B77-9F6B-0158BC1B6EB4}
		{B00FE1A7-1F72-46A8-BAD4-052A465EF587} = {B1AD9566-CF89-46C1-8B05-17B05220ED91}
		{52B2A9B5-3076-460E-92FE-15E38A4D1A13} = {65B4DBAF-D14A-45FD-AD0F-186A72AFA9FA}
		{B0DB6E1D-0C75-40F3-B146-A8B6F7AD11D1} = {9FDBC6A8-78FF-4C1B-80E5-61D3B61C6C83}
		{2B8285EE-F188-44B8-A5CB-8E223C50CD29} = {B0DB6E1D-0C75-40F3-B146-A8B6F7AD11D1}
		{678C0654-4281-4977-BFE4-9F9D5D5FDF4A} = {B0DB6E1D-0C75-40F3-B146-A8B6F7AD11D1}
		{0930387A-EA9C-42B3-9570-56C4D645205A} = {B0DB6E1D-0C75-40F3-B146-A8B6F7AD11D1}
		{5A573183-430D-45D4-856E-1249C2FA1B2A} = {B0DB6E1D-0C75-40F3-B146-A8B6F7AD11D1}
		{3F00D91E-27A2-4FD0-927B-9FE4F0888037} = {2B8285EE-F188-44B8-A5CB-8E223C50CD29}
		{A1B14E65-15E7-4DBD-BE5F-60C6B008E298} = {678C0654-4281-4977-BFE4-9F9D5D5FDF4A}
		{7F4F1F7B-407F-45CF-92D3-083EB28946C2} = {0930387A-EA9C-42B3-9570-56C4D645205A}
		{D65F8C42-1AB0-40E9-99FE-D4AC3E69A940} = {5A573183-430D-45D4-856E-1249C2FA1B2A}
	EndGlobalSection
	GlobalSection(ExtensibilityGlobals) = postSolution
		SolutionGuid = {E40B4574-FF52-4F10-8A79-CD48954F4EAE}
	EndGlobalSection
EndGlobal
